
Microsoft Visual Studio Solution File, Format Version 12.00
Project("{FAE04EC0-301F-11D3-BF4B-00C04F79EFBC}") = "print-template-app", "print-template-app\print-template-app.csproj", "{4291E3D2-42EB-4AD1-81E8-7E771F970DC9}"
EndProject
Global
	GlobalSection(SolutionConfigurationPlatforms) = preSolution
		Debug|Any CPU = Debug|Any CPU
		Release|Any CPU = Release|Any CPU
	EndGlobalSection
	GlobalSection(ProjectConfigurationPlatforms) = postSolution
		{4291E3D2-42EB-4AD1-81E8-7E771F970DC9}.Debug|Any CPU.ActiveCfg = Debug|Any CPU
		{4291E3D2-42EB-4AD1-81E8-7E771F970DC9}.Debug|Any CPU.Build.0 = Debug|Any CPU
		{4291E3D2-42EB-4AD1-81E8-7E771F970DC9}.Release|Any CPU.ActiveCfg = Release|Any CPU
		{4291E3D2-42EB-4AD1-81E8-7E771F970DC9}.Release|Any CPU.Build.0 = Release|Any CPU
	EndGlobalSection
EndGlobal
